
Microsoft Visual Studio Solution File, Format Version 12.00
# Visual Studio 14
VisualStudioVersion = 14.0.25420.1
MinimumVisualStudioVersion = 10.0.40219.1
Project("{FAE04EC0-301F-11D3-BF4B-00C04F79EFBC}") = "CLGLXT", "CLGLXT\CLGLXT.csproj", "{8A8E055E-A0DB-4C7C-840D-3A767B1735B5}"
EndProject
Project("{FAE04EC0-301F-11D3-BF4B-00C04F79EFBC}") = "BLL", "BLL\BLL.csproj", "{34393459-6DD5-4522-B826-49211F32434F}"
EndProject
Project("{FAE04EC0-301F-11D3-BF4B-00C04F79EFBC}") = "DAL", "DAL\DAL.csproj", "{B2780AE3-8E41-4AE5-BADC-F8B2A736ACE0}"
EndProject
Project("{FAE04EC0-301F-11D3-BF4B-00C04F79EFBC}") = "Common", "Common\Common.csproj", "{8731BE56-87C5-4F2F-803E-901239BB1CA8}"
EndProject
Project("{FAE04EC0-301F-11D3-BF4B-00C04F79EFBC}") = "Proxy", "Proxy\Proxy.csproj", "{C3FA9186-8D7B-4407-BCFC-C77762AF1E45}"
EndProject
Project("{2150E333-8FDC-42A3-9474-1A3956D46DE8}") = "API", "API", "{E102E2D5-BC24-4D43-AC58-3711AF485A54}"
EndProject
Project("{FAE04EC0-301F-11D3-BF4B-00C04F79EFBC}") = "Entity", "Entity\Entity.csproj", "{464352ED-9FB2-4332-B798-B34C1171A036}"
EndProject
Global
	GlobalSection(SolutionConfigurationPlatforms) = preSolution
		Debug|Any CPU = Debug|Any CPU
		Release|Any CPU = Release|Any CPU
	EndGlobalSection
	GlobalSection(ProjectConfigurationPlatforms) = postSolution
		{8A8E055E-A0DB-4C7C-840D-3A767B1735B5}.Debug|Any CPU.ActiveCfg = Debug|Any CPU
		{8A8E055E-A0DB-4C7C-840D-3A767B1735B5}.Debug|Any CPU.Build.0 = Debug|Any CPU
		{8A8E055E-A0DB-4C7C-840D-3A767B1735B5}.Release|Any CPU.ActiveCfg = Release|Any CPU
		{8A8E055E-A0DB-4C7C-840D-3A767B1735B5}.Release|Any CPU.Build.0 = Release|Any CPU
		{34393459-6DD5-4522-B826-49211F32434F}.Debug|Any CPU.ActiveCfg = Debug|Any CPU
		{34393459-6DD5-4522-B826-49211F32434F}.Debug|Any CPU.Build.0 = Debug|Any CPU
		{34393459-6DD5-4522-B826-49211F32434F}.Release|Any CPU.ActiveCfg = Release|Any CPU
		{34393459-6DD5-4522-B826-49211F32434F}.Release|Any CPU.Build.0 = Release|Any CPU
		{B2780AE3-8E41-4AE5-BADC-F8B2A736ACE0}.Debug|Any CPU.ActiveCfg = Debug|Any CPU
		{B2780AE3-8E41-4AE5-BADC-F8B2A736ACE0}.Debug|Any CPU.Build.0 = Debug|Any CPU
		{B2780AE3-8E41-4AE5-BADC-F8B2A736ACE0}.Release|Any CPU.ActiveCfg = Release|Any CPU
		{B2780AE3-8E41-4AE5-BADC-F8B2A736ACE0}.Release|Any CPU.Build.0 = Release|Any CPU
		{8731BE56-87C5-4F2F-803E-901239BB1CA8}.Debug|Any CPU.ActiveCfg = Debug|Any CPU
		{8731BE56-87C5-4F2F-803E-901239BB1CA8}.Debug|Any CPU.Build.0 = Debug|Any CPU
		{8731BE56-87C5-4F2F-803E-901239BB1CA8}.Release|Any CPU.ActiveCfg = Release|Any CPU
		{8731BE56-87C5-4F2F-803E-901239BB1CA8}.Release|Any CPU.Build.0 = Release|Any CPU
		{C3FA9186-8D7B-4407-BCFC-C77762AF1E45}.Debug|Any CPU.ActiveCfg = Debug|Any CPU
		{C3FA9186-8D7B-4407-BCFC-C77762AF1E45}.Debug|Any CPU.Build.0 = Debug|Any CPU
		{C3FA9186-8D7B-4407-BCFC-C77762AF1E45}.Release|Any CPU.ActiveCfg = Release|Any CPU
		{C3FA9186-8D7B-4407-BCFC-C77762AF1E45}.Release|Any CPU.Build.0 = Release|Any CPU
		{464352ED-9FB2-4332-B798-B34C1171A036}.Debug|Any CPU.ActiveCfg = Debug|Any CPU
		{464352ED-9FB2-4332-B798-B34C1171A036}.Debug|Any CPU.Build.0 = Debug|Any CPU
		{464352ED-9FB2-4332-B798-B34C1171A036}.Release|Any CPU.ActiveCfg = Release|Any CPU
		{464352ED-9FB2-4332-B798-B34C1171A036}.Release|Any CPU.Build.0 = Release|Any CPU
	EndGlobalSection
	GlobalSection(SolutionProperties) = preSolution
		HideSolutionNode = FALSE
	EndGlobalSection
	GlobalSection(NestedProjects) = preSolution
		{34393459-6DD5-4522-B826-49211F32434F} = {E102E2D5-BC24-4D43-AC58-3711AF485A54}
		{B2780AE3-8E41-4AE5-BADC-F8B2A736ACE0} = {E102E2D5-BC24-4D43-AC58-3711AF485A54}
	EndGlobalSection
EndGlobal
