
Microsoft Visual Studio Solution File, Format Version 12.00
# Visual Studio 15
VisualStudioVersion = 15.0.26730.16
MinimumVisualStudioVersion = 10.0.40219.1
Project("{FAE04EC0-301F-11D3-BF4B-00C04F79EFBC}") = "Foot.EntityLayers", "Foot.EntityLayers\Foot.EntityLayers.csproj", "{9B1EF471-8E3E-44AC-AFFE-434DAB9E9A25}"
EndProject
Global
	GlobalSection(SolutionConfigurationPlatforms) = preSolution
		Debug|Any CPU = Debug|Any CPU
		Release|Any CPU = Release|Any CPU
	EndGlobalSection
	GlobalSection(ProjectConfigurationPlatforms) = postSolution
		{9B1EF471-8E3E-44AC-AFFE-434DAB9E9A25}.Debug|Any CPU.ActiveCfg = Debug|Any CPU
		{9B1EF471-8E3E-44AC-AFFE-434DAB9E9A25}.Debug|Any CPU.Build.0 = Debug|Any CPU
		{9B1EF471-8E3E-44AC-AFFE-434DAB9E9A25}.Release|Any CPU.ActiveCfg = Release|Any CPU
		{9B1EF471-8E3E-44AC-AFFE-434DAB9E9A25}.Release|Any CPU.Build.0 = Release|Any CPU
	EndGlobalSection
	GlobalSection(SolutionProperties) = preSolution
		HideSolutionNode = FALSE
	EndGlobalSection
	GlobalSection(ExtensibilityGlobals) = postSolution
		SolutionGuid = {8062CC86-E725-4FAD-A03A-1E4F5518623E}
	EndGlobalSection
EndGlobal
