
Microsoft Visual Studio Solution File, Format Version 12.00
# Visual Studio 15
VisualStudioVersion = 15.0.26730.16
MinimumVisualStudioVersion = 10.0.40219.1
Project("{2150E333-8FDC-42A3-9474-1A3956D46DE8}") = "Three layers", "Three layers", "{9A35D3AA-FF03-4920-80E8-774361C5469A}"
EndProject
Project("{2150E333-8FDC-42A3-9474-1A3956D46DE8}") = "WebApi", "WebApi", "{2301602E-E4F8-4A0F-8222-B7C288711EEF}"
EndProject
Project("{2150E333-8FDC-42A3-9474-1A3956D46DE8}") = "CRMS", "CRMS", "{E6D1BC05-51C6-4DBF-A47A-00BC6ABE9D57}"
EndProject
Project("{2150E333-8FDC-42A3-9474-1A3956D46DE8}") = "Client", "Client", "{C6D361EF-BE8E-4378-9F92-349AD2A86520}"
EndProject
Project("{FAE04EC0-301F-11D3-BF4B-00C04F79EFBC}") = "BLL", "CRMS\BLL\BLL.csproj", "{38D7AA58-C95B-449B-86C6-A8073A56E11F}"
EndProject
Project("{FAE04EC0-301F-11D3-BF4B-00C04F79EFBC}") = "Common", "CRMS\Common\Common.csproj", "{E3D8759A-C5EB-402D-9F10-F5C6029A8D1A}"
EndProject
Project("{FAE04EC0-301F-11D3-BF4B-00C04F79EFBC}") = "CRM", "CRMS\CRM\CRM.csproj", "{521D31E3-C64D-4636-9902-BA31F01263D3}"
EndProject
Project("{FAE04EC0-301F-11D3-BF4B-00C04F79EFBC}") = "DAL", "CRMS\DAL\DAL.csproj", "{9FE00521-3A8B-42B1-814E-585E99407B2E}"
EndProject
Project("{FAE04EC0-301F-11D3-BF4B-00C04F79EFBC}") = "DBUtility", "CRMS\DBUtility\DBUtility.csproj", "{0988C62E-247F-471F-A183-DB509C7A3839}"
EndProject
Project("{FAE04EC0-301F-11D3-BF4B-00C04F79EFBC}") = "Model", "CRMS\Model\Model.csproj", "{53995DBB-9836-4647-AD22-865884FDEB9E}"
EndProject
Project("{FAE04EC0-301F-11D3-BF4B-00C04F79EFBC}") = "Foot.Client", "Client\CLGLXT\Foot.Client.csproj", "{8A8E055E-A0DB-4C7C-840D-3A767B1735B5}"
EndProject
Project("{9A19103F-16F7-4668-BE54-9A1E7A4F7556}") = "Foot.WebApi.BusinessLayer", "WebApi\BusinessLayer\Foot.WebApi.BusinessLayer.csproj", "{B0CA5AA6-E9AE-4083-B699-F09CBCFB7F86}"
EndProject
Project("{9A19103F-16F7-4668-BE54-9A1E7A4F7556}") = "Foot.WebApi.DataLayers", "WebApi\DataLayer\Foot.WebApi.DataLayers.csproj", "{A41F953E-E590-47A6-B31F-AE17F51E1591}"
EndProject
Project("{9A19103F-16F7-4668-BE54-9A1E7A4F7556}") = "Kebue.Core.Database", "WebApi\Kebue.Core.Database\Kebue.Core.Database.csproj", "{AC0F8F5E-4BBA-4F3B-9AFC-BCD798FB52EE}"
EndProject
Project("{9A19103F-16F7-4668-BE54-9A1E7A4F7556}") = "Foot.WebApi", "WebApi\Foot.WebApi\Foot.WebApi.csproj", "{1D246824-83FC-409A-B9C3-8792EE770A0F}"
EndProject
Project("{9A19103F-16F7-4668-BE54-9A1E7A4F7556}") = "Kebue.Core.Util", "WebApi\Kebue.Core.Util\Kebue.Core.Util.csproj", "{EE75649C-95F4-439C-8162-A1347DD5C465}"
EndProject
Project("{2150E333-8FDC-42A3-9474-1A3956D46DE8}") = "Common", "Common", "{1CFABF3E-4615-474B-96DD-2EDBC49CB955}"
EndProject
Project("{9A19103F-16F7-4668-BE54-9A1E7A4F7556}") = "Kebue.RESTful", "Common\Kebue.RESTful\Kebue.RESTful.csproj", "{2B75D27F-0296-41C5-AE6A-2777BAEECD76}"
EndProject
Project("{9A19103F-16F7-4668-BE54-9A1E7A4F7556}") = "Foot.Proxy", "Common\Foot.Proxy\Foot.Proxy\Foot.Proxy.csproj", "{95CFDE8B-DCF9-494D-996B-7B8084E07DA9}"
EndProject
Project("{9A19103F-16F7-4668-BE54-9A1E7A4F7556}") = "Foot.EntityLayers", "Common\Foot.EntityLayers\Foot.EntityLayers\Foot.EntityLayers.csproj", "{B81C8617-2279-4174-8AAB-705CF69EC2C7}"
EndProject
Global
	GlobalSection(SolutionConfigurationPlatforms) = preSolution
		Debug|Any CPU = Debug|Any CPU
		Release|Any CPU = Release|Any CPU
	EndGlobalSection
	GlobalSection(ProjectConfigurationPlatforms) = postSolution
		{38D7AA58-C95B-449B-86C6-A8073A56E11F}.Debug|Any CPU.ActiveCfg = Debug|Any CPU
		{38D7AA58-C95B-449B-86C6-A8073A56E11F}.Debug|Any CPU.Build.0 = Debug|Any CPU
		{38D7AA58-C95B-449B-86C6-A8073A56E11F}.Release|Any CPU.ActiveCfg = Release|Any CPU
		{38D7AA58-C95B-449B-86C6-A8073A56E11F}.Release|Any CPU.Build.0 = Release|Any CPU
		{E3D8759A-C5EB-402D-9F10-F5C6029A8D1A}.Debug|Any CPU.ActiveCfg = Debug|Any CPU
		{E3D8759A-C5EB-402D-9F10-F5C6029A8D1A}.Debug|Any CPU.Build.0 = Debug|Any CPU
		{E3D8759A-C5EB-402D-9F10-F5C6029A8D1A}.Release|Any CPU.ActiveCfg = Release|Any CPU
		{E3D8759A-C5EB-402D-9F10-F5C6029A8D1A}.Release|Any CPU.Build.0 = Release|Any CPU
		{521D31E3-C64D-4636-9902-BA31F01263D3}.Debug|Any CPU.ActiveCfg = Debug|Any CPU
		{521D31E3-C64D-4636-9902-BA31F01263D3}.Debug|Any CPU.Build.0 = Debug|Any CPU
		{521D31E3-C64D-4636-9902-BA31F01263D3}.Release|Any CPU.ActiveCfg = Release|Any CPU
		{521D31E3-C64D-4636-9902-BA31F01263D3}.Release|Any CPU.Build.0 = Release|Any CPU
		{9FE00521-3A8B-42B1-814E-585E99407B2E}.Debug|Any CPU.ActiveCfg = Debug|Any CPU
		{9FE00521-3A8B-42B1-814E-585E99407B2E}.Debug|Any CPU.Build.0 = Debug|Any CPU
		{9FE00521-3A8B-42B1-814E-585E99407B2E}.Release|Any CPU.ActiveCfg = Release|Any CPU
		{9FE00521-3A8B-42B1-814E-585E99407B2E}.Release|Any CPU.Build.0 = Release|Any CPU
		{0988C62E-247F-471F-A183-DB509C7A3839}.Debug|Any CPU.ActiveCfg = Debug|Any CPU
		{0988C62E-247F-471F-A183-DB509C7A3839}.Debug|Any CPU.Build.0 = Debug|Any CPU
		{0988C62E-247F-471F-A183-DB509C7A3839}.Release|Any CPU.ActiveCfg = Release|Any CPU
		{0988C62E-247F-471F-A183-DB509C7A3839}.Release|Any CPU.Build.0 = Release|Any CPU
		{53995DBB-9836-4647-AD22-865884FDEB9E}.Debug|Any CPU.ActiveCfg = Debug|Any CPU
		{53995DBB-9836-4647-AD22-865884FDEB9E}.Debug|Any CPU.Build.0 = Debug|Any CPU
		{53995DBB-9836-4647-AD22-865884FDEB9E}.Release|Any CPU.ActiveCfg = Release|Any CPU
		{53995DBB-9836-4647-AD22-865884FDEB9E}.Release|Any CPU.Build.0 = Release|Any CPU
		{8A8E055E-A0DB-4C7C-840D-3A767B1735B5}.Debug|Any CPU.ActiveCfg = Debug|Any CPU
		{8A8E055E-A0DB-4C7C-840D-3A767B1735B5}.Debug|Any CPU.Build.0 = Debug|Any CPU
		{8A8E055E-A0DB-4C7C-840D-3A767B1735B5}.Release|Any CPU.ActiveCfg = Release|Any CPU
		{8A8E055E-A0DB-4C7C-840D-3A767B1735B5}.Release|Any CPU.Build.0 = Release|Any CPU
		{B0CA5AA6-E9AE-4083-B699-F09CBCFB7F86}.Debug|Any CPU.ActiveCfg = Debug|Any CPU
		{B0CA5AA6-E9AE-4083-B699-F09CBCFB7F86}.Debug|Any CPU.Build.0 = Debug|Any CPU
		{B0CA5AA6-E9AE-4083-B699-F09CBCFB7F86}.Release|Any CPU.ActiveCfg = Release|Any CPU
		{B0CA5AA6-E9AE-4083-B699-F09CBCFB7F86}.Release|Any CPU.Build.0 = Release|Any CPU
		{A41F953E-E590-47A6-B31F-AE17F51E1591}.Debug|Any CPU.ActiveCfg = Debug|Any CPU
		{A41F953E-E590-47A6-B31F-AE17F51E1591}.Debug|Any CPU.Build.0 = Debug|Any CPU
		{A41F953E-E590-47A6-B31F-AE17F51E1591}.Release|Any CPU.ActiveCfg = Release|Any CPU
		{A41F953E-E590-47A6-B31F-AE17F51E1591}.Release|Any CPU.Build.0 = Release|Any CPU
		{AC0F8F5E-4BBA-4F3B-9AFC-BCD798FB52EE}.Debug|Any CPU.ActiveCfg = Debug|Any CPU
		{AC0F8F5E-4BBA-4F3B-9AFC-BCD798FB52EE}.Debug|Any CPU.Build.0 = Debug|Any CPU
		{AC0F8F5E-4BBA-4F3B-9AFC-BCD798FB52EE}.Release|Any CPU.ActiveCfg = Release|Any CPU
		{AC0F8F5E-4BBA-4F3B-9AFC-BCD798FB52EE}.Release|Any CPU.Build.0 = Release|Any CPU
		{1D246824-83FC-409A-B9C3-8792EE770A0F}.Debug|Any CPU.ActiveCfg = Debug|Any CPU
		{1D246824-83FC-409A-B9C3-8792EE770A0F}.Debug|Any CPU.Build.0 = Debug|Any CPU
		{1D246824-83FC-409A-B9C3-8792EE770A0F}.Release|Any CPU.ActiveCfg = Release|Any CPU
		{1D246824-83FC-409A-B9C3-8792EE770A0F}.Release|Any CPU.Build.0 = Release|Any CPU
		{EE75649C-95F4-439C-8162-A1347DD5C465}.Debug|Any CPU.ActiveCfg = Debug|Any CPU
		{EE75649C-95F4-439C-8162-A1347DD5C465}.Debug|Any CPU.Build.0 = Debug|Any CPU
		{EE75649C-95F4-439C-8162-A1347DD5C465}.Release|Any CPU.ActiveCfg = Release|Any CPU
		{EE75649C-95F4-439C-8162-A1347DD5C465}.Release|Any CPU.Build.0 = Release|Any CPU
		{2B75D27F-0296-41C5-AE6A-2777BAEECD76}.Debug|Any CPU.ActiveCfg = Debug|Any CPU
		{2B75D27F-0296-41C5-AE6A-2777BAEECD76}.Debug|Any CPU.Build.0 = Debug|Any CPU
		{2B75D27F-0296-41C5-AE6A-2777BAEECD76}.Release|Any CPU.ActiveCfg = Release|Any CPU
		{2B75D27F-0296-41C5-AE6A-2777BAEECD76}.Release|Any CPU.Build.0 = Release|Any CPU
		{95CFDE8B-DCF9-494D-996B-7B8084E07DA9}.Debug|Any CPU.ActiveCfg = Debug|Any CPU
		{95CFDE8B-DCF9-494D-996B-7B8084E07DA9}.Debug|Any CPU.Build.0 = Debug|Any CPU
		{95CFDE8B-DCF9-494D-996B-7B8084E07DA9}.Release|Any CPU.ActiveCfg = Release|Any CPU
		{95CFDE8B-DCF9-494D-996B-7B8084E07DA9}.Release|Any CPU.Build.0 = Release|Any CPU
		{B81C8617-2279-4174-8AAB-705CF69EC2C7}.Debug|Any CPU.ActiveCfg = Debug|Any CPU
		{B81C8617-2279-4174-8AAB-705CF69EC2C7}.Debug|Any CPU.Build.0 = Debug|Any CPU
		{B81C8617-2279-4174-8AAB-705CF69EC2C7}.Release|Any CPU.ActiveCfg = Release|Any CPU
		{B81C8617-2279-4174-8AAB-705CF69EC2C7}.Release|Any CPU.Build.0 = Release|Any CPU
	EndGlobalSection
	GlobalSection(SolutionProperties) = preSolution
		HideSolutionNode = FALSE
	EndGlobalSection
	GlobalSection(NestedProjects) = preSolution
		{9A35D3AA-FF03-4920-80E8-774361C5469A} = {2301602E-E4F8-4A0F-8222-B7C288711EEF}
		{38D7AA58-C95B-449B-86C6-A8073A56E11F} = {E6D1BC05-51C6-4DBF-A47A-00BC6ABE9D57}
		{E3D8759A-C5EB-402D-9F10-F5C6029A8D1A} = {E6D1BC05-51C6-4DBF-A47A-00BC6ABE9D57}
		{521D31E3-C64D-4636-9902-BA31F01263D3} = {E6D1BC05-51C6-4DBF-A47A-00BC6ABE9D57}
		{9FE00521-3A8B-42B1-814E-585E99407B2E} = {E6D1BC05-51C6-4DBF-A47A-00BC6ABE9D57}
		{0988C62E-247F-471F-A183-DB509C7A3839} = {E6D1BC05-51C6-4DBF-A47A-00BC6ABE9D57}
		{53995DBB-9836-4647-AD22-865884FDEB9E} = {E6D1BC05-51C6-4DBF-A47A-00BC6ABE9D57}
		{8A8E055E-A0DB-4C7C-840D-3A767B1735B5} = {C6D361EF-BE8E-4378-9F92-349AD2A86520}
		{B0CA5AA6-E9AE-4083-B699-F09CBCFB7F86} = {9A35D3AA-FF03-4920-80E8-774361C5469A}
		{A41F953E-E590-47A6-B31F-AE17F51E1591} = {9A35D3AA-FF03-4920-80E8-774361C5469A}
		{AC0F8F5E-4BBA-4F3B-9AFC-BCD798FB52EE} = {9A35D3AA-FF03-4920-80E8-774361C5469A}
		{1D246824-83FC-409A-B9C3-8792EE770A0F} = {2301602E-E4F8-4A0F-8222-B7C288711EEF}
		{EE75649C-95F4-439C-8162-A1347DD5C465} = {1CFABF3E-4615-474B-96DD-2EDBC49CB955}
		{2B75D27F-0296-41C5-AE6A-2777BAEECD76} = {1CFABF3E-4615-474B-96DD-2EDBC49CB955}
		{95CFDE8B-DCF9-494D-996B-7B8084E07DA9} = {1CFABF3E-4615-474B-96DD-2EDBC49CB955}
		{B81C8617-2279-4174-8AAB-705CF69EC2C7} = {1CFABF3E-4615-474B-96DD-2EDBC49CB955}
	EndGlobalSection
	GlobalSection(ExtensibilityGlobals) = postSolution
		SolutionGuid = {CA1404E2-F730-4B68-94AF-A272CBBF737C}
	EndGlobalSection
EndGlobal
